// !$*UTF8*$!
{
	archiveVersion = 1;
	classes = {
	};
	objectVersion = 56;
	objects = {

/* Begin PBXBuildFile section */
		99B6E8B6B9228B63A11EE1AF /* Pods_Foodie.framework in Frameworks */ = {isa = PBXBuildFile; fileRef = 311739D39D6E245B48DE056A /* Pods_Foodie.framework */; };
		EAEC924129B8E59000A50DF2 /* AppDelegate.swift in Sources */ = {isa = PBXBuildFile; fileRef = EAEC924029B8E59000A50DF2 /* AppDelegate.swift */; };
		EAEC924329B8E59000A50DF2 /* SceneDelegate.swift in Sources */ = {isa = PBXBuildFile; fileRef = EAEC924229B8E59000A50DF2 /* SceneDelegate.swift */; };
		EAEC924829B8E59100A50DF2 /* Main.storyboard in Resources */ = {isa = PBXBuildFile; fileRef = EAEC924629B8E59100A50DF2 /* Main.storyboard */; };
		EAEC924A29B8E59200A50DF2 /* Assets.xcassets in Resources */ = {isa = PBXBuildFile; fileRef = EAEC924929B8E59200A50DF2 /* Assets.xcassets */; };
		EAEC924D29B8E59200A50DF2 /* LaunchScreen.storyboard in Resources */ = {isa = PBXBuildFile; fileRef = EAEC924B29B8E59200A50DF2 /* LaunchScreen.storyboard */; };
		EAEC925929B8F0BD00A50DF2 /* OnboardingViewController.swift in Sources */ = {isa = PBXBuildFile; fileRef = EAEC925829B8F0BD00A50DF2 /* OnboardingViewController.swift */; };
		EAEC925C29B90E7E00A50DF2 /* UIView+Extension.swift in Sources */ = {isa = PBXBuildFile; fileRef = EAEC925B29B90E7E00A50DF2 /* UIView+Extension.swift */; };
		EAEC925E29B9104400A50DF2 /* OnboardingSlide.swift in Sources */ = {isa = PBXBuildFile; fileRef = EAEC925D29B9104400A50DF2 /* OnboardingSlide.swift */; };
		EAEC926029B914FA00A50DF2 /* OnboardingCollectionViewCell.swift in Sources */ = {isa = PBXBuildFile; fileRef = EAEC925F29B914FA00A50DF2 /* OnboardingCollectionViewCell.swift */; };
		EAEC926329B9635200A50DF2 /* HomeViewController.swift in Sources */ = {isa = PBXBuildFile; fileRef = EAEC926229B9635200A50DF2 /* HomeViewController.swift */; };
		EAEC926829B969B800A50DF2 /* CategoryCollectionViewCell.swift in Sources */ = {isa = PBXBuildFile; fileRef = EAEC926629B969B800A50DF2 /* CategoryCollectionViewCell.swift */; };
		EAEC926929B969B800A50DF2 /* CategoryCollectionViewCell.xib in Resources */ = {isa = PBXBuildFile; fileRef = EAEC926729B969B800A50DF2 /* CategoryCollectionViewCell.xib */; };
		EAEC926B29B9F49F00A50DF2 /* DishCategory.swift in Sources */ = {isa = PBXBuildFile; fileRef = EAEC926A29B9F49F00A50DF2 /* DishCategory.swift */; };
		EAEC926D29B9FBDA00A50DF2 /* String+Extension.swift in Sources */ = {isa = PBXBuildFile; fileRef = EAEC926C29B9FBDA00A50DF2 /* String+Extension.swift */; };
		EAEC927029BA008300A50DF2 /* CardView.swift in Sources */ = {isa = PBXBuildFile; fileRef = EAEC926F29BA008300A50DF2 /* CardView.swift */; };
		EAEC927429BA289600A50DF2 /* DishPortraitCollectionViewCell.swift in Sources */ = {isa = PBXBuildFile; fileRef = EAEC927229BA289500A50DF2 /* DishPortraitCollectionViewCell.swift */; };
		EAEC927529BA289600A50DF2 /* DishPortraitCollectionViewCell.xib in Resources */ = {isa = PBXBuildFile; fileRef = EAEC927329BA289500A50DF2 /* DishPortraitCollectionViewCell.xib */; };
		EAEC927729BA2AF100A50DF2 /* Dish.swift in Sources */ = {isa = PBXBuildFile; fileRef = EAEC927629BA2AF100A50DF2 /* Dish.swift */; };
		EAEC927B29BA386800A50DF2 /* DishLandscapeCollectionViewCell.swift in Sources */ = {isa = PBXBuildFile; fileRef = EAEC927929BA386800A50DF2 /* DishLandscapeCollectionViewCell.swift */; };
		EAEC927C29BA386800A50DF2 /* DishLandscapeCollectionViewCell.xib in Resources */ = {isa = PBXBuildFile; fileRef = EAEC927A29BA386800A50DF2 /* DishLandscapeCollectionViewCell.xib */; };
		EAEC927F29BA4E7100A50DF2 /* DishDetailViewController.swift in Sources */ = {isa = PBXBuildFile; fileRef = EAEC927E29BA4E7100A50DF2 /* DishDetailViewController.swift */; };
/* End PBXBuildFile section */

/* Begin PBXFileReference section */
		311739D39D6E245B48DE056A /* Pods_Foodie.framework */ = {isa = PBXFileReference; explicitFileType = wrapper.framework; includeInIndex = 0; path = Pods_Foodie.framework; sourceTree = BUILT_PRODUCTS_DIR; };
		33E13BE6ADCA88567B357BE7 /* Pods-Foodie.release.xcconfig */ = {isa = PBXFileReference; includeInIndex = 1; lastKnownFileType = text.xcconfig; name = "Pods-Foodie.release.xcconfig"; path = "Target Support Files/Pods-Foodie/Pods-Foodie.release.xcconfig"; sourceTree = "<group>"; };
		49B9F13B0912227DD58FEAB8 /* Pods-Foodie.debug.xcconfig */ = {isa = PBXFileReference; includeInIndex = 1; lastKnownFileType = text.xcconfig; name = "Pods-Foodie.debug.xcconfig"; path = "Target Support Files/Pods-Foodie/Pods-Foodie.debug.xcconfig"; sourceTree = "<group>"; };
		EAEC923D29B8E59000A50DF2 /* Foodie.app */ = {isa = PBXFileReference; explicitFileType = wrapper.application; includeInIndex = 0; path = Foodie.app; sourceTree = BUILT_PRODUCTS_DIR; };
		EAEC924029B8E59000A50DF2 /* AppDelegate.swift */ = {isa = PBXFileReference; lastKnownFileType = sourcecode.swift; path = AppDelegate.swift; sourceTree = "<group>"; };
		EAEC924229B8E59000A50DF2 /* SceneDelegate.swift */ = {isa = PBXFileReference; lastKnownFileType = sourcecode.swift; path = SceneDelegate.swift; sourceTree = "<group>"; };
		EAEC924729B8E59100A50DF2 /* Base */ = {isa = PBXFileReference; lastKnownFileType = file.storyboard; name = Base; path = Base.lproj/Main.storyboard; sourceTree = "<group>"; };
		EAEC924929B8E59200A50DF2 /* Assets.xcassets */ = {isa = PBXFileReference; lastKnownFileType = folder.assetcatalog; path = Assets.xcassets; sourceTree = "<group>"; };
		EAEC924C29B8E59200A50DF2 /* Base */ = {isa = PBXFileReference; lastKnownFileType = file.storyboard; name = Base; path = Base.lproj/LaunchScreen.storyboard; sourceTree = "<group>"; };
		EAEC924E29B8E59200A50DF2 /* Info.plist */ = {isa = PBXFileReference; lastKnownFileType = text.plist.xml; path = Info.plist; sourceTree = "<group>"; };
		EAEC925829B8F0BD00A50DF2 /* OnboardingViewController.swift */ = {isa = PBXFileReference; lastKnownFileType = sourcecode.swift; path = OnboardingViewController.swift; sourceTree = "<group>"; };
		EAEC925B29B90E7E00A50DF2 /* UIView+Extension.swift */ = {isa = PBXFileReference; lastKnownFileType = sourcecode.swift; path = "UIView+Extension.swift"; sourceTree = "<group>"; };
		EAEC925D29B9104400A50DF2 /* OnboardingSlide.swift */ = {isa = PBXFileReference; lastKnownFileType = sourcecode.swift; path = OnboardingSlide.swift; sourceTree = "<group>"; };
		EAEC925F29B914FA00A50DF2 /* OnboardingCollectionViewCell.swift */ = {isa = PBXFileReference; lastKnownFileType = sourcecode.swift; path = OnboardingCollectionViewCell.swift; sourceTree = "<group>"; };
		EAEC926229B9635200A50DF2 /* HomeViewController.swift */ = {isa = PBXFileReference; lastKnownFileType = sourcecode.swift; path = HomeViewController.swift; sourceTree = "<group>"; };
		EAEC926629B969B800A50DF2 /* CategoryCollectionViewCell.swift */ = {isa = PBXFileReference; lastKnownFileType = sourcecode.swift; path = CategoryCollectionViewCell.swift; sourceTree = "<group>"; };
		EAEC926729B969B800A50DF2 /* CategoryCollectionViewCell.xib */ = {isa = PBXFileReference; lastKnownFileType = file.xib; path = CategoryCollectionViewCell.xib; sourceTree = "<group>"; };
		EAEC926A29B9F49F00A50DF2 /* DishCategory.swift */ = {isa = PBXFileReference; lastKnownFileType = sourcecode.swift; path = DishCategory.swift; sourceTree = "<group>"; };
		EAEC926C29B9FBDA00A50DF2 /* String+Extension.swift */ = {isa = PBXFileReference; lastKnownFileType = sourcecode.swift; path = "String+Extension.swift"; sourceTree = "<group>"; };
		EAEC926F29BA008300A50DF2 /* CardView.swift */ = {isa = PBXFileReference; lastKnownFileType = sourcecode.swift; path = CardView.swift; sourceTree = "<group>"; };
		EAEC927229BA289500A50DF2 /* DishPortraitCollectionViewCell.swift */ = {isa = PBXFileReference; lastKnownFileType = sourcecode.swift; path = DishPortraitCollectionViewCell.swift; sourceTree = "<group>"; };
		EAEC927329BA289500A50DF2 /* DishPortraitCollectionViewCell.xib */ = {isa = PBXFileReference; lastKnownFileType = file.xib; path = DishPortraitCollectionViewCell.xib; sourceTree = "<group>"; };
		EAEC927629BA2AF100A50DF2 /* Dish.swift */ = {isa = PBXFileReference; lastKnownFileType = sourcecode.swift; path = Dish.swift; sourceTree = "<group>"; };
		EAEC927929BA386800A50DF2 /* DishLandscapeCollectionViewCell.swift */ = {isa = PBXFileReference; lastKnownFileType = sourcecode.swift; path = DishLandscapeCollectionViewCell.swift; sourceTree = "<group>"; };
		EAEC927A29BA386800A50DF2 /* DishLandscapeCollectionViewCell.xib */ = {isa = PBXFileReference; lastKnownFileType = file.xib; path = DishLandscapeCollectionViewCell.xib; sourceTree = "<group>"; };
		EAEC927E29BA4E7100A50DF2 /* DishDetailViewController.swift */ = {isa = PBXFileReference; lastKnownFileType = sourcecode.swift; path = DishDetailViewController.swift; sourceTree = "<group>"; };
/* End PBXFileReference section */

/* Begin PBXFrameworksBuildPhase section */
		EAEC923A29B8E59000A50DF2 /* Frameworks */ = {
			isa = PBXFrameworksBuildPhase;
			buildActionMask = 2147483647;
			files = (
				99B6E8B6B9228B63A11EE1AF /* Pods_Foodie.framework in Frameworks */,
			);
			runOnlyForDeploymentPostprocessing = 0;
		};
/* End PBXFrameworksBuildPhase section */

/* Begin PBXGroup section */
		2B95C29D6EE8E6F7B93EA9FC /* Frameworks */ = {
			isa = PBXGroup;
			children = (
				311739D39D6E245B48DE056A /* Pods_Foodie.framework */,
			);
			name = Frameworks;
			sourceTree = "<group>";
		};
		EAEC923429B8E59000A50DF2 = {
			isa = PBXGroup;
			children = (
				EAEC923F29B8E59000A50DF2 /* Foodie */,
				EAEC923E29B8E59000A50DF2 /* Products */,
				EC63BF21B66046F1E12857EE /* Pods */,
				2B95C29D6EE8E6F7B93EA9FC /* Frameworks */,
			);
			sourceTree = "<group>";
		};
		EAEC923E29B8E59000A50DF2 /* Products */ = {
			isa = PBXGroup;
			children = (
				EAEC923D29B8E59000A50DF2 /* Foodie.app */,
			);
			name = Products;
			sourceTree = "<group>";
		};
		EAEC923F29B8E59000A50DF2 /* Foodie */ = {
			isa = PBXGroup;
			children = (
				EAEC925A29B90E5800A50DF2 /* Extensions */,
				EAEC925629B8F06C00A50DF2 /* CustomViews */,
				EAEC925529B8F06200A50DF2 /* Views */,
				EAEC925429B8F05800A50DF2 /* Models */,
				EAEC924029B8E59000A50DF2 /* AppDelegate.swift */,
				EAEC924229B8E59000A50DF2 /* SceneDelegate.swift */,
				EAEC924629B8E59100A50DF2 /* Main.storyboard */,
				EAEC924929B8E59200A50DF2 /* Assets.xcassets */,
				EAEC924B29B8E59200A50DF2 /* LaunchScreen.storyboard */,
				EAEC924E29B8E59200A50DF2 /* Info.plist */,
			);
			path = Foodie;
			sourceTree = "<group>";
		};
		EAEC925429B8F05800A50DF2 /* Models */ = {
			isa = PBXGroup;
			children = (
				EAEC925D29B9104400A50DF2 /* OnboardingSlide.swift */,
				EAEC926A29B9F49F00A50DF2 /* DishCategory.swift */,
				EAEC927629BA2AF100A50DF2 /* Dish.swift */,
			);
			path = Models;
			sourceTree = "<group>";
		};
		EAEC925529B8F06200A50DF2 /* Views */ = {
			isa = PBXGroup;
			children = (
				EAEC927D29BA4E4700A50DF2 /* DishDetail */,
				EAEC926129B9633400A50DF2 /* Home */,
				EAEC925729B8F07F00A50DF2 /* Onboarding */,
			);
			path = Views;
			sourceTree = "<group>";
		};
		EAEC925629B8F06C00A50DF2 /* CustomViews */ = {
			isa = PBXGroup;
			children = (
				EAEC926E29BA006400A50DF2 /* CardView */,
				EAEC926429B9691A00A50DF2 /* CollectionViewCells */,
			);
			path = CustomViews;
			sourceTree = "<group>";
		};
		EAEC925729B8F07F00A50DF2 /* Onboarding */ = {
			isa = PBXGroup;
			children = (
				EAEC925829B8F0BD00A50DF2 /* OnboardingViewController.swift */,
				EAEC925F29B914FA00A50DF2 /* OnboardingCollectionViewCell.swift */,
			);
			path = Onboarding;
			sourceTree = "<group>";
		};
		EAEC925A29B90E5800A50DF2 /* Extensions */ = {
			isa = PBXGroup;
			children = (
				EAEC925B29B90E7E00A50DF2 /* UIView+Extension.swift */,
				EAEC926C29B9FBDA00A50DF2 /* String+Extension.swift */,
			);
			path = Extensions;
			sourceTree = "<group>";
		};
		EAEC926129B9633400A50DF2 /* Home */ = {
			isa = PBXGroup;
			children = (
				EAEC926229B9635200A50DF2 /* HomeViewController.swift */,
			);
			path = Home;
			sourceTree = "<group>";
		};
		EAEC926429B9691A00A50DF2 /* CollectionViewCells */ = {
			isa = PBXGroup;
			children = (
				EAEC927829BA383D00A50DF2 /* DishLandscapeCollectionViewCell */,
				EAEC927129BA285600A50DF2 /* DishPortraitCollectionViewCell */,
				EAEC926529B9697400A50DF2 /* CategoryCollectionViewCell */,
			);
			path = CollectionViewCells;
			sourceTree = "<group>";
		};
		EAEC926529B9697400A50DF2 /* CategoryCollectionViewCell */ = {
			isa = PBXGroup;
			children = (
				EAEC926629B969B800A50DF2 /* CategoryCollectionViewCell.swift */,
				EAEC926729B969B800A50DF2 /* CategoryCollectionViewCell.xib */,
			);
			path = CategoryCollectionViewCell;
			sourceTree = "<group>";
		};
		EAEC926E29BA006400A50DF2 /* CardView */ = {
			isa = PBXGroup;
			children = (
				EAEC926F29BA008300A50DF2 /* CardView.swift */,
			);
			path = CardView;
			sourceTree = "<group>";
		};
		EAEC927129BA285600A50DF2 /* DishPortraitCollectionViewCell */ = {
			isa = PBXGroup;
			children = (
				EAEC927229BA289500A50DF2 /* DishPortraitCollectionViewCell.swift */,
				EAEC927329BA289500A50DF2 /* DishPortraitCollectionViewCell.xib */,
			);
			path = DishPortraitCollectionViewCell;
			sourceTree = "<group>";
		};
		EAEC927829BA383D00A50DF2 /* DishLandscapeCollectionViewCell */ = {
			isa = PBXGroup;
			children = (
				EAEC927929BA386800A50DF2 /* DishLandscapeCollectionViewCell.swift */,
				EAEC927A29BA386800A50DF2 /* DishLandscapeCollectionViewCell.xib */,
			);
			path = DishLandscapeCollectionViewCell;
			sourceTree = "<group>";
		};
		EAEC927D29BA4E4700A50DF2 /* DishDetail */ = {
			isa = PBXGroup;
			children = (
				EAEC927E29BA4E7100A50DF2 /* DishDetailViewController.swift */,
			);
			path = DishDetail;
			sourceTree = "<group>";
		};
		EC63BF21B66046F1E12857EE /* Pods */ = {
			isa = PBXGroup;
			children = (
				49B9F13B0912227DD58FEAB8 /* Pods-Foodie.debug.xcconfig */,
				33E13BE6ADCA88567B357BE7 /* Pods-Foodie.release.xcconfig */,
			);
			path = Pods;
			sourceTree = "<group>";
		};
/* End PBXGroup section */

/* Begin PBXNativeTarget section */
		EAEC923C29B8E59000A50DF2 /* Foodie */ = {
			isa = PBXNativeTarget;
			buildConfigurationList = EAEC925129B8E59200A50DF2 /* Build configuration list for PBXNativeTarget "Foodie" */;
			buildPhases = (
				47A54A84C2C2B58003272848 /* [CP] Check Pods Manifest.lock */,
				EAEC923929B8E59000A50DF2 /* Sources */,
				EAEC923A29B8E59000A50DF2 /* Frameworks */,
				EAEC923B29B8E59000A50DF2 /* Resources */,
				A5B52D2722414277FCA604A2 /* [CP] Embed Pods Frameworks */,
			);
			buildRules = (
			);
			dependencies = (
			);
			name = Foodie;
			productName = Foodie;
			productReference = EAEC923D29B8E59000A50DF2 /* Foodie.app */;
			productType = "com.apple.product-type.application";
		};
/* End PBXNativeTarget section */

/* Begin PBXProject section */
		EAEC923529B8E59000A50DF2 /* Project object */ = {
			isa = PBXProject;
			attributes = {
				BuildIndependentTargetsInParallel = 1;
				LastSwiftUpdateCheck = 1420;
				LastUpgradeCheck = 1420;
				TargetAttributes = {
					EAEC923C29B8E59000A50DF2 = {
						CreatedOnToolsVersion = 14.2;
					};
				};
			};
			buildConfigurationList = EAEC923829B8E59000A50DF2 /* Build configuration list for PBXProject "Foodie" */;
			compatibilityVersion = "Xcode 14.0";
			developmentRegion = en;
			hasScannedForEncodings = 0;
			knownRegions = (
				en,
				Base,
			);
			mainGroup = EAEC923429B8E59000A50DF2;
			productRefGroup = EAEC923E29B8E59000A50DF2 /* Products */;
			projectDirPath = "";
			projectRoot = "";
			targets = (
				EAEC923C29B8E59000A50DF2 /* Foodie */,
			);
		};
/* End PBXProject section */

/* Begin PBXResourcesBuildPhase section */
		EAEC923B29B8E59000A50DF2 /* Resources */ = {
			isa = PBXResourcesBuildPhase;
			buildActionMask = 2147483647;
			files = (
				EAEC926929B969B800A50DF2 /* CategoryCollectionViewCell.xib in Resources */,
				EAEC924D29B8E59200A50DF2 /* LaunchScreen.storyboard in Resources */,
				EAEC927529BA289600A50DF2 /* DishPortraitCollectionViewCell.xib in Resources */,
				EAEC924A29B8E59200A50DF2 /* Assets.xcassets in Resources */,
				EAEC927C29BA386800A50DF2 /* DishLandscapeCollectionViewCell.xib in Resources */,
				EAEC924829B8E59100A50DF2 /* Main.storyboard in Resources */,
			);
			runOnlyForDeploymentPostprocessing = 0;
		};
/* End PBXResourcesBuildPhase section */

/* Begin PBXShellScriptBuildPhase section */
		47A54A84C2C2B58003272848 /* [CP] Check Pods Manifest.lock */ = {
			isa = PBXShellScriptBuildPhase;
			buildActionMask = 2147483647;
			files = (
			);
			inputFileListPaths = (
			);
			inputPaths = (
				"${PODS_PODFILE_DIR_PATH}/Podfile.lock",
				"${PODS_ROOT}/Manifest.lock",
			);
			name = "[CP] Check Pods Manifest.lock";
			outputFileListPaths = (
			);
			outputPaths = (
				"$(DERIVED_FILE_DIR)/Pods-Foodie-checkManifestLockResult.txt",
			);
			runOnlyForDeploymentPostprocessing = 0;
			shellPath = /bin/sh;
			shellScript = "diff \"${PODS_PODFILE_DIR_PATH}/Podfile.lock\" \"${PODS_ROOT}/Manifest.lock\" > /dev/null\nif [ $? != 0 ] ; then\n    # print error to STDERR\n    echo \"error: The sandbox is not in sync with the Podfile.lock. Run 'pod install' or update your CocoaPods installation.\" >&2\n    exit 1\nfi\n# This output is used by Xcode 'outputs' to avoid re-running this script phase.\necho \"SUCCESS\" > \"${SCRIPT_OUTPUT_FILE_0}\"\n";
			showEnvVarsInLog = 0;
		};
		A5B52D2722414277FCA604A2 /* [CP] Embed Pods Frameworks */ = {
			isa = PBXShellScriptBuildPhase;
			buildActionMask = 2147483647;
			files = (
			);
			inputFileListPaths = (
				"${PODS_ROOT}/Target Support Files/Pods-Foodie/Pods-Foodie-frameworks-${CONFIGURATION}-input-files.xcfilelist",
			);
			name = "[CP] Embed Pods Frameworks";
			outputFileListPaths = (
				"${PODS_ROOT}/Target Support Files/Pods-Foodie/Pods-Foodie-frameworks-${CONFIGURATION}-output-files.xcfilelist",
			);
			runOnlyForDeploymentPostprocessing = 0;
			shellPath = /bin/sh;
			shellScript = "\"${PODS_ROOT}/Target Support Files/Pods-Foodie/Pods-Foodie-frameworks.sh\"\n";
			showEnvVarsInLog = 0;
		};
/* End PBXShellScriptBuildPhase section */

/* Begin PBXSourcesBuildPhase section */
		EAEC923929B8E59000A50DF2 /* Sources */ = {
			isa = PBXSourcesBuildPhase;
			buildActionMask = 2147483647;
			files = (
				EAEC926829B969B800A50DF2 /* CategoryCollectionViewCell.swift in Sources */,
				EAEC925E29B9104400A50DF2 /* OnboardingSlide.swift in Sources */,
				EAEC924129B8E59000A50DF2 /* AppDelegate.swift in Sources */,
				EAEC924329B8E59000A50DF2 /* SceneDelegate.swift in Sources */,
				EAEC925C29B90E7E00A50DF2 /* UIView+Extension.swift in Sources */,
				EAEC925929B8F0BD00A50DF2 /* OnboardingViewController.swift in Sources */,
				EAEC927F29BA4E7100A50DF2 /* DishDetailViewController.swift in Sources */,
				EAEC926329B9635200A50DF2 /* HomeViewController.swift in Sources */,
				EAEC926B29B9F49F00A50DF2 /* DishCategory.swift in Sources */,
				EAEC927B29BA386800A50DF2 /* DishLandscapeCollectionViewCell.swift in Sources */,
				EAEC926D29B9FBDA00A50DF2 /* String+Extension.swift in Sources */,
				EAEC927029BA008300A50DF2 /* CardView.swift in Sources */,
				EAEC926029B914FA00A50DF2 /* OnboardingCollectionViewCell.swift in Sources */,
				EAEC927729BA2AF100A50DF2 /* Dish.swift in Sources */,
				EAEC927429BA289600A50DF2 /* DishPortraitCollectionViewCell.swift in Sources */,
			);
			runOnlyForDeploymentPostprocessing = 0;
		};
/* End PBXSourcesBuildPhase section */

/* Begin PBXVariantGroup section */
		EAEC924629B8E59100A50DF2 /* Main.storyboard */ = {
			isa = PBXVariantGroup;
			children = (
				EAEC924729B8E59100A50DF2 /* Base */,
			);
			name = Main.storyboard;
			sourceTree = "<group>";
		};
		EAEC924B29B8E59200A50DF2 /* LaunchScreen.storyboard */ = {
			isa = PBXVariantGroup;
			children = (
				EAEC924C29B8E59200A50DF2 /* Base */,
			);
			name = LaunchScreen.storyboard;
			sourceTree = "<group>";
		};
/* End PBXVariantGroup section */

/* Begin XCBuildConfiguration section */
		EAEC924F29B8E59200A50DF2 /* Debug */ = {
			isa = XCBuildConfiguration;
			buildSettings = {
				ALWAYS_SEARCH_USER_PATHS = NO;
				CLANG_ANALYZER_NONNULL = YES;
				CLANG_ANALYZER_NUMBER_OBJECT_CONVERSION = YES_AGGRESSIVE;
				CLANG_CXX_LANGUAGE_STANDARD = "gnu++20";
				CLANG_ENABLE_MODULES = YES;
				CLANG_ENABLE_OBJC_ARC = YES;
				CLANG_ENABLE_OBJC_WEAK = YES;
				CLANG_WARN_BLOCK_CAPTURE_AUTORELEASING = YES;
				CLANG_WARN_BOOL_CONVERSION = YES;
				CLANG_WARN_COMMA = YES;
				CLANG_WARN_CONSTANT_CONVERSION = YES;
				CLANG_WARN_DEPRECATED_OBJC_IMPLEMENTATIONS = YES;
				CLANG_WARN_DIRECT_OBJC_ISA_USAGE = YES_ERROR;
				CLANG_WARN_DOCUMENTATION_COMMENTS = YES;
				CLANG_WARN_EMPTY_BODY = YES;
				CLANG_WARN_ENUM_CONVERSION = YES;
				CLANG_WARN_INFINITE_RECURSION = YES;
				CLANG_WARN_INT_CONVERSION = YES;
				CLANG_WARN_NON_LITERAL_NULL_CONVERSION = YES;
				CLANG_WARN_OBJC_IMPLICIT_RETAIN_SELF = YES;
				CLANG_WARN_OBJC_LITERAL_CONVERSION = YES;
				CLANG_WARN_OBJC_ROOT_CLASS = YES_ERROR;
				CLANG_WARN_QUOTED_INCLUDE_IN_FRAMEWORK_HEADER = YES;
				CLANG_WARN_RANGE_LOOP_ANALYSIS = YES;
				CLANG_WARN_STRICT_PROTOTYPES = YES;
				CLANG_WARN_SUSPICIOUS_MOVE = YES;
				CLANG_WARN_UNGUARDED_AVAILABILITY = YES_AGGRESSIVE;
				CLANG_WARN_UNREACHABLE_CODE = YES;
				CLANG_WARN__DUPLICATE_METHOD_MATCH = YES;
				COPY_PHASE_STRIP = NO;
				DEBUG_INFORMATION_FORMAT = dwarf;
				ENABLE_STRICT_OBJC_MSGSEND = YES;
				ENABLE_TESTABILITY = YES;
				GCC_C_LANGUAGE_STANDARD = gnu11;
				GCC_DYNAMIC_NO_PIC = NO;
				GCC_NO_COMMON_BLOCKS = YES;
				GCC_OPTIMIZATION_LEVEL = 0;
				GCC_PREPROCESSOR_DEFINITIONS = (
					"DEBUG=1",
					"$(inherited)",
				);
				GCC_WARN_64_TO_32_BIT_CONVERSION = YES;
				GCC_WARN_ABOUT_RETURN_TYPE = YES_ERROR;
				GCC_WARN_UNDECLARED_SELECTOR = YES;
				GCC_WARN_UNINITIALIZED_AUTOS = YES_AGGRESSIVE;
				GCC_WARN_UNUSED_FUNCTION = YES;
				GCC_WARN_UNUSED_VARIABLE = YES;
				IPHONEOS_DEPLOYMENT_TARGET = 16.2;
				MTL_ENABLE_DEBUG_INFO = INCLUDE_SOURCE;
				MTL_FAST_MATH = YES;
				ONLY_ACTIVE_ARCH = YES;
				SDKROOT = iphoneos;
				SWIFT_ACTIVE_COMPILATION_CONDITIONS = DEBUG;
				SWIFT_OPTIMIZATION_LEVEL = "-Onone";
			};
			name = Debug;
		};
		EAEC925029B8E59200A50DF2 /* Release */ = {
			isa = XCBuildConfiguration;
			buildSettings = {
				ALWAYS_SEARCH_USER_PATHS = NO;
				CLANG_ANALYZER_NONNULL = YES;
				CLANG_ANALYZER_NUMBER_OBJECT_CONVERSION = YES_AGGRESSIVE;
				CLANG_CXX_LANGUAGE_STANDARD = "gnu++20";
				CLANG_ENABLE_MODULES = YES;
				CLANG_ENABLE_OBJC_ARC = YES;
				CLANG_ENABLE_OBJC_WEAK = YES;
				CLANG_WARN_BLOCK_CAPTURE_AUTORELEASING = YES;
				CLANG_WARN_BOOL_CONVERSION = YES;
				CLANG_WARN_COMMA = YES;
				CLANG_WARN_CONSTANT_CONVERSION = YES;
				CLANG_WARN_DEPRECATED_OBJC_IMPLEMENTATIONS = YES;
				CLANG_WARN_DIRECT_OBJC_ISA_USAGE = YES_ERROR;
				CLANG_WARN_DOCUMENTATION_COMMENTS = YES;
				CLANG_WARN_EMPTY_BODY = YES;
				CLANG_WARN_ENUM_CONVERSION = YES;
				CLANG_WARN_INFINITE_RECURSION = YES;
				CLANG_WARN_INT_CONVERSION = YES;
				CLANG_WARN_NON_LITERAL_NULL_CONVERSION = YES;
				CLANG_WARN_OBJC_IMPLICIT_RETAIN_SELF = YES;
				CLANG_WARN_OBJC_LITERAL_CONVERSION = YES;
				CLANG_WARN_OBJC_ROOT_CLASS = YES_ERROR;
				CLANG_WARN_QUOTED_INCLUDE_IN_FRAMEWORK_HEADER = YES;
				CLANG_WARN_RANGE_LOOP_ANALYSIS = YES;
				CLANG_WARN_STRICT_PROTOTYPES = YES;
				CLANG_WARN_SUSPICIOUS_MOVE = YES;
				CLANG_WARN_UNGUARDED_AVAILABILITY = YES_AGGRESSIVE;
				CLANG_WARN_UNREACHABLE_CODE = YES;
				CLANG_WARN__DUPLICATE_METHOD_MATCH = YES;
				COPY_PHASE_STRIP = NO;
				DEBUG_INFORMATION_FORMAT = "dwarf-with-dsym";
				ENABLE_NS_ASSERTIONS = NO;
				ENABLE_STRICT_OBJC_MSGSEND = YES;
				GCC_C_LANGUAGE_STANDARD = gnu11;
				GCC_NO_COMMON_BLOCKS = YES;
				GCC_WARN_64_TO_32_BIT_CONVERSION = YES;
				GCC_WARN_ABOUT_RETURN_TYPE = YES_ERROR;
				GCC_WARN_UNDECLARED_SELECTOR = YES;
				GCC_WARN_UNINITIALIZED_AUTOS = YES_AGGRESSIVE;
				GCC_WARN_UNUSED_FUNCTION = YES;
				GCC_WARN_UNUSED_VARIABLE = YES;
				IPHONEOS_DEPLOYMENT_TARGET = 16.2;
				MTL_ENABLE_DEBUG_INFO = NO;
				MTL_FAST_MATH = YES;
				SDKROOT = iphoneos;
				SWIFT_COMPILATION_MODE = wholemodule;
				SWIFT_OPTIMIZATION_LEVEL = "-O";
				VALIDATE_PRODUCT = YES;
			};
			name = Release;
		};
		EAEC925229B8E59200A50DF2 /* Debug */ = {
			isa = XCBuildConfiguration;
			baseConfigurationReference = 49B9F13B0912227DD58FEAB8 /* Pods-Foodie.debug.xcconfig */;
			buildSettings = {
				ASSETCATALOG_COMPILER_APPICON_NAME = AppIcon;
				ASSETCATALOG_COMPILER_GLOBAL_ACCENT_COLOR_NAME = AccentColor;
				CODE_SIGN_STYLE = Automatic;
				CURRENT_PROJECT_VERSION = 1;
				GENERATE_INFOPLIST_FILE = YES;
				INFOPLIST_FILE = Foodie/Info.plist;
				INFOPLIST_KEY_UIApplicationSupportsIndirectInputEvents = YES;
				INFOPLIST_KEY_UILaunchStoryboardName = LaunchScreen;
				INFOPLIST_KEY_UIMainStoryboardFile = Main;
				INFOPLIST_KEY_UISupportedInterfaceOrientations_iPad = "UIInterfaceOrientationPortrait UIInterfaceOrientationPortraitUpsideDown UIInterfaceOrientationLandscapeLeft UIInterfaceOrientationLandscapeRight";
				INFOPLIST_KEY_UISupportedInterfaceOrientations_iPhone = "UIInterfaceOrientationPortrait UIInterfaceOrientationLandscapeLeft UIInterfaceOrientationLandscapeRight";
				LD_RUNPATH_SEARCH_PATHS = (
					"$(inherited)",
					"@executable_path/Frameworks",
				);
				MARKETING_VERSION = 1.0;
				PRODUCT_BUNDLE_IDENTIFIER = ceviz.Foodie;
				PRODUCT_NAME = "$(TARGET_NAME)";
				SWIFT_EMIT_LOC_STRINGS = YES;
				SWIFT_VERSION = 5.0;
				TARGETED_DEVICE_FAMILY = "1,2";
			};
			name = Debug;
		};
		EAEC925329B8E59200A50DF2 /* Release */ = {
			isa = XCBuildConfiguration;
			baseConfigurationReference = 33E13BE6ADCA88567B357BE7 /* Pods-Foodie.release.xcconfig */;
			buildSettings = {
				ASSETCATALOG_COMPILER_APPICON_NAME = AppIcon;
				ASSETCATALOG_COMPILER_GLOBAL_ACCENT_COLOR_NAME = AccentColor;
				CODE_SIGN_STYLE = Automatic;
				CURRENT_PROJECT_VERSION = 1;
				GENERATE_INFOPLIST_FILE = YES;
				INFOPLIST_FILE = Foodie/Info.plist;
				INFOPLIST_KEY_UIApplicationSupportsIndirectInputEvents = YES;
				INFOPLIST_KEY_UILaunchStoryboardName = LaunchScreen;
				INFOPLIST_KEY_UIMainStoryboardFile = Main;
				INFOPLIST_KEY_UISupportedInterfaceOrientations_iPad = "UIInterfaceOrientationPortrait UIInterfaceOrientationPortraitUpsideDown UIInterfaceOrientationLandscapeLeft UIInterfaceOrientationLandscapeRight";
				INFOPLIST_KEY_UISupportedInterfaceOrientations_iPhone = "UIInterfaceOrientationPortrait UIInterfaceOrientationLandscapeLeft UIInterfaceOrientationLandscapeRight";
				LD_RUNPATH_SEARCH_PATHS = (
					"$(inherited)",
					"@executable_path/Frameworks",
				);
				MARKETING_VERSION = 1.0;
				PRODUCT_BUNDLE_IDENTIFIER = ceviz.Foodie;
				PRODUCT_NAME = "$(TARGET_NAME)";
				SWIFT_EMIT_LOC_STRINGS = YES;
				SWIFT_VERSION = 5.0;
				TARGETED_DEVICE_FAMILY = "1,2";
			};
			name = Release;
		};
/* End XCBuildConfiguration section */

/* Begin XCConfigurationList section */
		EAEC923829B8E59000A50DF2 /* Build configuration list for PBXProject "Foodie" */ = {
			isa = XCConfigurationList;
			buildConfigurations = (
				EAEC924F29B8E59200A50DF2 /* Debug */,
				EAEC925029B8E59200A50DF2 /* Release */,
			);
			defaultConfigurationIsVisible = 0;
			defaultConfigurationName = Release;
		};
		EAEC925129B8E59200A50DF2 /* Build configuration list for PBXNativeTarget "Foodie" */ = {
			isa = XCConfigurationList;
			buildConfigurations = (
				EAEC925229B8E59200A50DF2 /* Debug */,
				EAEC925329B8E59200A50DF2 /* Release */,
			);
			defaultConfigurationIsVisible = 0;
			defaultConfigurationName = Release;
		};
/* End XCConfigurationList section */
	};
	rootObject = EAEC923529B8E59000A50DF2 /* Project object */;
}
